
Microsoft Visual Studio Solution File, Format Version 12.00
# Visual Studio Version 17
VisualStudioVersion = 17.9.34607.119
MinimumVisualStudioVersion = 10.0.40219.1
Project("{FAE04EC0-301F-11D3-BF4B-00C04F79EFBC}") = "ATM_sim", "ATM_sim\ATM_sim.csproj", "{6613161D-61A1-4788-AB8C-1744C4B0A24A}"
EndProject
Global
	GlobalSection(SolutionConfigurationPlatforms) = preSolution
		Debug|Any CPU = Debug|Any CPU
		Release|Any CPU = Release|Any CPU
	EndGlobalSection
	GlobalSection(ProjectConfigurationPlatforms) = postSolution
		{6613161D-61A1-4788-AB8C-1744C4B0A24A}.Debug|Any CPU.ActiveCfg = Debug|Any CPU
		{6613161D-61A1-4788-AB8C-1744C4B0A24A}.Debug|Any CPU.Build.0 = Debug|Any CPU
		{6613161D-61A1-4788-AB8C-1744C4B0A24A}.Release|Any CPU.ActiveCfg = Release|Any CPU
		{6613161D-61A1-4788-AB8C-1744C4B0A24A}.Release|Any CPU.Build.0 = Release|Any CPU
	EndGlobalSection
	GlobalSection(SolutionProperties) = preSolution
		HideSolutionNode = FALSE
	EndGlobalSection
	GlobalSection(ExtensibilityGlobals) = postSolution
		SolutionGuid = {5E2D43E4-5D3C-44DD-B662-B418D56E8AAA}
	EndGlobalSection
EndGlobal
